// !$*UTF8*$!
{
	archiveVersion = 1;
	classes = {
	};
	objectVersion = 50;
	objects = {

/* Begin PBXBuildFile section */
		B84CAC7F2049DA2D00F7CDC3 /* AppDelegate.swift in Sources */ = {isa = PBXBuildFile; fileRef = B84CAC7E2049DA2D00F7CDC3 /* AppDelegate.swift */; };
		B84CAC812049DA2D00F7CDC3 /* ViewController.swift in Sources */ = {isa = PBXBuildFile; fileRef = B84CAC802049DA2D00F7CDC3 /* ViewController.swift */; };
		B84CAC842049DA2D00F7CDC3 /* Main.storyboard in Resources */ = {isa = PBXBuildFile; fileRef = B84CAC822049DA2D00F7CDC3 /* Main.storyboard */; };
		B84CAC862049DA2D00F7CDC3 /* Assets.xcassets in Resources */ = {isa = PBXBuildFile; fileRef = B84CAC852049DA2D00F7CDC3 /* Assets.xcassets */; };
		B84CAC892049DA2D00F7CDC3 /* LaunchScreen.storyboard in Resources */ = {isa = PBXBuildFile; fileRef = B84CAC872049DA2D00F7CDC3 /* LaunchScreen.storyboard */; };
		B84CAC942049DA2D00F7CDC3 /* ARKitScratchTests.swift in Sources */ = {isa = PBXBuildFile; fileRef = B84CAC932049DA2D00F7CDC3 /* ARKitScratchTests.swift */; };
		B84CAC9F2049DA2D00F7CDC3 /* ARKitScratchUITests.swift in Sources */ = {isa = PBXBuildFile; fileRef = B84CAC9E2049DA2D00F7CDC3 /* ARKitScratchUITests.swift */; };
/* End PBXBuildFile section */

/* Begin PBXContainerItemProxy section */
		B84CAC902049DA2D00F7CDC3 /* PBXContainerItemProxy */ = {
			isa = PBXContainerItemProxy;
			containerPortal = B84CAC732049DA2D00F7CDC3 /* Project object */;
			proxyType = 1;
			remoteGlobalIDString = B84CAC7A2049DA2D00F7CDC3;
			remoteInfo = ARKitScratch;
		};
		B84CAC9B2049DA2D00F7CDC3 /* PBXContainerItemProxy */ = {
			isa = PBXContainerItemProxy;
			containerPortal = B84CAC732049DA2D00F7CDC3 /* Project object */;
			proxyType = 1;
			remoteGlobalIDString = B84CAC7A2049DA2D00F7CDC3;
			remoteInfo = ARKitScratch;
		};
/* End PBXContainerItemProxy section */

/* Begin PBXFileReference section */
		B84CAC7B2049DA2D00F7CDC3 /* ARKitScratch.app */ = {isa = PBXFileReference; explicitFileType = wrapper.application; includeInIndex = 0; path = ARKitScratch.app; sourceTree = BUILT_PRODUCTS_DIR; };
		B84CAC7E2049DA2D00F7CDC3 /* AppDelegate.swift */ = {isa = PBXFileReference; lastKnownFileType = sourcecode.swift; path = AppDelegate.swift; sourceTree = "<group>"; };
		B84CAC802049DA2D00F7CDC3 /* ViewController.swift */ = {isa = PBXFileReference; lastKnownFileType = sourcecode.swift; path = ViewController.swift; sourceTree = "<group>"; };
		B84CAC832049DA2D00F7CDC3 /* Base */ = {isa = PBXFileReference; lastKnownFileType = file.storyboard; name = Base; path = Base.lproj/Main.storyboard; sourceTree = "<group>"; };
		B84CAC852049DA2D00F7CDC3 /* Assets.xcassets */ = {isa = PBXFileReference; lastKnownFileType = folder.assetcatalog; path = Assets.xcassets; sourceTree = "<group>"; };
		B84CAC882049DA2D00F7CDC3 /* Base */ = {isa = PBXFileReference; lastKnownFileType = file.storyboard; name = Base; path = Base.lproj/LaunchScreen.storyboard; sourceTree = "<group>"; };
		B84CAC8A2049DA2D00F7CDC3 /* Info.plist */ = {isa = PBXFileReference; lastKnownFileType = text.plist.xml; path = Info.plist; sourceTree = "<group>"; };
		B84CAC8F2049DA2D00F7CDC3 /* ARKitScratchTests.xctest */ = {isa = PBXFileReference; explicitFileType = wrapper.cfbundle; includeInIndex = 0; path = ARKitScratchTests.xctest; sourceTree = BUILT_PRODUCTS_DIR; };
		B84CAC932049DA2D00F7CDC3 /* ARKitScratchTests.swift */ = {isa = PBXFileReference; lastKnownFileType = sourcecode.swift; path = ARKitScratchTests.swift; sourceTree = "<group>"; };
		B84CAC952049DA2D00F7CDC3 /* Info.plist */ = {isa = PBXFileReference; lastKnownFileType = text.plist.xml; path = Info.plist; sourceTree = "<group>"; };
		B84CAC9A2049DA2D00F7CDC3 /* ARKitScratchUITests.xctest */ = {isa = PBXFileReference; explicitFileType = wrapper.cfbundle; includeInIndex = 0; path = ARKitScratchUITests.xctest; sourceTree = BUILT_PRODUCTS_DIR; };
		B84CAC9E2049DA2D00F7CDC3 /* ARKitScratchUITests.swift */ = {isa = PBXFileReference; lastKnownFileType = sourcecode.swift; path = ARKitScratchUITests.swift; sourceTree = "<group>"; };
		B84CACA02049DA2D00F7CDC3 /* Info.plist */ = {isa = PBXFileReference; lastKnownFileType = text.plist.xml; path = Info.plist; sourceTree = "<group>"; };
/* End PBXFileReference section */

/* Begin PBXFrameworksBuildPhase section */
		B84CAC782049DA2D00F7CDC3 /* Frameworks */ = {
			isa = PBXFrameworksBuildPhase;
			buildActionMask = 2147483647;
			files = (
			);
			runOnlyForDeploymentPostprocessing = 0;
		};
		B84CAC8C2049DA2D00F7CDC3 /* Frameworks */ = {
			isa = PBXFrameworksBuildPhase;
			buildActionMask = 2147483647;
			files = (
			);
			runOnlyForDeploymentPostprocessing = 0;
		};
		B84CAC972049DA2D00F7CDC3 /* Frameworks */ = {
			isa = PBXFrameworksBuildPhase;
			buildActionMask = 2147483647;
			files = (
			);
			runOnlyForDeploymentPostprocessing = 0;
		};
/* End PBXFrameworksBuildPhase section */

/* Begin PBXGroup section */
		B84CAC722049DA2D00F7CDC3 = {
			isa = PBXGroup;
			children = (
				B84CAC7D2049DA2D00F7CDC3 /* ARKitScratch */,
				B84CAC922049DA2D00F7CDC3 /* ARKitScratchTests */,
				B84CAC9D2049DA2D00F7CDC3 /* ARKitScratchUITests */,
				B84CAC7C2049DA2D00F7CDC3 /* Products */,
			);
			sourceTree = "<group>";
		};
		B84CAC7C2049DA2D00F7CDC3 /* Products */ = {
			isa = PBXGroup;
			children = (
				B84CAC7B2049DA2D00F7CDC3 /* ARKitScratch.app */,
				B84CAC8F2049DA2D00F7CDC3 /* ARKitScratchTests.xctest */,
				B84CAC9A2049DA2D00F7CDC3 /* ARKitScratchUITests.xctest */,
			);
			name = Products;
			sourceTree = "<group>";
		};
		B84CAC7D2049DA2D00F7CDC3 /* ARKitScratch */ = {
			isa = PBXGroup;
			children = (
				B84CAC7E2049DA2D00F7CDC3 /* AppDelegate.swift */,
				B84CAC802049DA2D00F7CDC3 /* ViewController.swift */,
				B84CAC822049DA2D00F7CDC3 /* Main.storyboard */,
				B84CAC852049DA2D00F7CDC3 /* Assets.xcassets */,
				B84CAC872049DA2D00F7CDC3 /* LaunchScreen.storyboard */,
				B84CAC8A2049DA2D00F7CDC3 /* Info.plist */,
			);
			path = ARKitScratch;
			sourceTree = "<group>";
		};
		B84CAC922049DA2D00F7CDC3 /* ARKitScratchTests */ = {
			isa = PBXGroup;
			children = (
				B84CAC932049DA2D00F7CDC3 /* ARKitScratchTests.swift */,
				B84CAC952049DA2D00F7CDC3 /* Info.plist */,
			);
			path = ARKitScratchTests;
			sourceTree = "<group>";
		};
		B84CAC9D2049DA2D00F7CDC3 /* ARKitScratchUITests */ = {
			isa = PBXGroup;
			children = (
				B84CAC9E2049DA2D00F7CDC3 /* ARKitScratchUITests.swift */,
				B84CACA02049DA2D00F7CDC3 /* Info.plist */,
			);
			path = ARKitScratchUITests;
			sourceTree = "<group>";
		};
/* End PBXGroup section */

/* Begin PBXNativeTarget section */
		B84CAC7A2049DA2D00F7CDC3 /* ARKitScratch */ = {
			isa = PBXNativeTarget;
			buildConfigurationList = B84CACA32049DA2D00F7CDC3 /* Build configuration list for PBXNativeTarget "ARKitScratch" */;
			buildPhases = (
				B84CAC772049DA2D00F7CDC3 /* Sources */,
				B84CAC782049DA2D00F7CDC3 /* Frameworks */,
				B84CAC792049DA2D00F7CDC3 /* Resources */,
			);
			buildRules = (
			);
			dependencies = (
			);
			name = ARKitScratch;
			productName = ARKitScratch;
			productReference = B84CAC7B2049DA2D00F7CDC3 /* ARKitScratch.app */;
			productType = "com.apple.product-type.application";
		};
		B84CAC8E2049DA2D00F7CDC3 /* ARKitScratchTests */ = {
			isa = PBXNativeTarget;
			buildConfigurationList = B84CACA62049DA2D00F7CDC3 /* Build configuration list for PBXNativeTarget "ARKitScratchTests" */;
			buildPhases = (
				B84CAC8B2049DA2D00F7CDC3 /* Sources */,
				B84CAC8C2049DA2D00F7CDC3 /* Frameworks */,
				B84CAC8D2049DA2D00F7CDC3 /* Resources */,
			);
			buildRules = (
			);
			dependencies = (
				B84CAC912049DA2D00F7CDC3 /* PBXTargetDependency */,
			);
			name = ARKitScratchTests;
			productName = ARKitScratchTests;
			productReference = B84CAC8F2049DA2D00F7CDC3 /* ARKitScratchTests.xctest */;
			productType = "com.apple.product-type.bundle.unit-test";
		};
		B84CAC992049DA2D00F7CDC3 /* ARKitScratchUITests */ = {
			isa = PBXNativeTarget;
			buildConfigurationList = B84CACA92049DA2D00F7CDC3 /* Build configuration list for PBXNativeTarget "ARKitScratchUITests" */;
			buildPhases = (
				B84CAC962049DA2D00F7CDC3 /* Sources */,
				B84CAC972049DA2D00F7CDC3 /* Frameworks */,
				B84CAC982049DA2D00F7CDC3 /* Resources */,
			);
			buildRules = (
			);
			dependencies = (
				B84CAC9C2049DA2D00F7CDC3 /* PBXTargetDependency */,
			);
			name = ARKitScratchUITests;
			productName = ARKitScratchUITests;
			productReference = B84CAC9A2049DA2D00F7CDC3 /* ARKitScratchUITests.xctest */;
			productType = "com.apple.product-type.bundle.ui-testing";
		};
/* End PBXNativeTarget section */

/* Begin PBXProject section */
		B84CAC732049DA2D00F7CDC3 /* Project object */ = {
			isa = PBXProject;
			attributes = {
				LastSwiftUpdateCheck = 0930;
				LastUpgradeCheck = 0930;
				ORGANIZATIONNAME = "Akash Bakshi";
				TargetAttributes = {
					B84CAC7A2049DA2D00F7CDC3 = {
						CreatedOnToolsVersion = 9.3;
					};
					B84CAC8E2049DA2D00F7CDC3 = {
						CreatedOnToolsVersion = 9.3;
						TestTargetID = B84CAC7A2049DA2D00F7CDC3;
					};
					B84CAC992049DA2D00F7CDC3 = {
						CreatedOnToolsVersion = 9.3;
						TestTargetID = B84CAC7A2049DA2D00F7CDC3;
					};
				};
			};
			buildConfigurationList = B84CAC762049DA2D00F7CDC3 /* Build configuration list for PBXProject "ARKitScratch" */;
			compatibilityVersion = "Xcode 9.3";
			developmentRegion = en;
			hasScannedForEncodings = 0;
			knownRegions = (
				en,
				Base,
			);
			mainGroup = B84CAC722049DA2D00F7CDC3;
			productRefGroup = B84CAC7C2049DA2D00F7CDC3 /* Products */;
			projectDirPath = "";
			projectRoot = "";
			targets = (
				B84CAC7A2049DA2D00F7CDC3 /* ARKitScratch */,
				B84CAC8E2049DA2D00F7CDC3 /* ARKitScratchTests */,
				B84CAC992049DA2D00F7CDC3 /* ARKitScratchUITests */,
			);
		};
/* End PBXProject section */

/* Begin PBXResourcesBuildPhase section */
		B84CAC792049DA2D00F7CDC3 /* Resources */ = {
			isa = PBXResourcesBuildPhase;
			buildActionMask = 2147483647;
			files = (
				B84CAC892049DA2D00F7CDC3 /* LaunchScreen.storyboard in Resources */,
				B84CAC862049DA2D00F7CDC3 /* Assets.xcassets in Resources */,
				B84CAC842049DA2D00F7CDC3 /* Main.storyboard in Resources */,
			);
			runOnlyForDeploymentPostprocessing = 0;
		};
		B84CAC8D2049DA2D00F7CDC3 /* Resources */ = {
			isa = PBXResourcesBuildPhase;
			buildActionMask = 2147483647;
			files = (
			);
			runOnlyForDeploymentPostprocessing = 0;
		};
		B84CAC982049DA2D00F7CDC3 /* Resources */ = {
			isa = PBXResourcesBuildPhase;
			buildActionMask = 2147483647;
			files = (
			);
			runOnlyForDeploymentPostprocessing = 0;
		};
/* End PBXResourcesBuildPhase section */

/* Begin PBXSourcesBuildPhase section */
		B84CAC772049DA2D00F7CDC3 /* Sources */ = {
			isa = PBXSourcesBuildPhase;
			buildActionMask = 2147483647;
			files = (
				B84CAC812049DA2D00F7CDC3 /* ViewController.swift in Sources */,
				B84CAC7F2049DA2D00F7CDC3 /* AppDelegate.swift in Sources */,
			);
			runOnlyForDeploymentPostprocessing = 0;
		};
		B84CAC8B2049DA2D00F7CDC3 /* Sources */ = {
			isa = PBXSourcesBuildPhase;
			buildActionMask = 2147483647;
			files = (
				B84CAC942049DA2D00F7CDC3 /* ARKitScratchTests.swift in Sources */,
			);
			runOnlyForDeploymentPostprocessing = 0;
		};
		B84CAC962049DA2D00F7CDC3 /* Sources */ = {
			isa = PBXSourcesBuildPhase;
			buildActionMask = 2147483647;
			files = (
				B84CAC9F2049DA2D00F7CDC3 /* ARKitScratchUITests.swift in Sources */,
			);
			runOnlyForDeploymentPostprocessing = 0;
		};
/* End PBXSourcesBuildPhase section */

/* Begin PBXTargetDependency section */
		B84CAC912049DA2D00F7CDC3 /* PBXTargetDependency */ = {
			isa = PBXTargetDependency;
			target = B84CAC7A2049DA2D00F7CDC3 /* ARKitScratch */;
			targetProxy = B84CAC902049DA2D00F7CDC3 /* PBXContainerItemProxy */;
		};
		B84CAC9C2049DA2D00F7CDC3 /* PBXTargetDependency */ = {
			isa = PBXTargetDependency;
			target = B84CAC7A2049DA2D00F7CDC3 /* ARKitScratch */;
			targetProxy = B84CAC9B2049DA2D00F7CDC3 /* PBXContainerItemProxy */;
		};
/* End PBXTargetDependency section */

/* Begin PBXVariantGroup section */
		B84CAC822049DA2D00F7CDC3 /* Main.storyboard */ = {
			isa = PBXVariantGroup;
			children = (
				B84CAC832049DA2D00F7CDC3 /* Base */,
			);
			name = Main.storyboard;
			sourceTree = "<group>";
		};
		B84CAC872049DA2D00F7CDC3 /* LaunchScreen.storyboard */ = {
			isa = PBXVariantGroup;
			children = (
				B84CAC882049DA2D00F7CDC3 /* Base */,
			);
			name = LaunchScreen.storyboard;
			sourceTree = "<group>";
		};
/* End PBXVariantGroup section */

/* Begin XCBuildConfiguration section */
		B84CACA12049DA2D00F7CDC3 /* Debug */ = {
			isa = XCBuildConfiguration;
			buildSettings = {
				ALWAYS_SEARCH_USER_PATHS = NO;
				CLANG_ANALYZER_NONNULL = YES;
				CLANG_ANALYZER_NUMBER_OBJECT_CONVERSION = YES_AGGRESSIVE;
				CLANG_CXX_LANGUAGE_STANDARD = "gnu++14";
				CLANG_CXX_LIBRARY = "libc++";
				CLANG_ENABLE_MODULES = YES;
				CLANG_ENABLE_OBJC_ARC = YES;
				CLANG_ENABLE_OBJC_WEAK = YES;
				CLANG_WARN_BLOCK_CAPTURE_AUTORELEASING = YES;
				CLANG_WARN_BOOL_CONVERSION = YES;
				CLANG_WARN_COMMA = YES;
				CLANG_WARN_CONSTANT_CONVERSION = YES;
				CLANG_WARN_DEPRECATED_OBJC_IMPLEMENTATIONS = YES;
				CLANG_WARN_DIRECT_OBJC_ISA_USAGE = YES_ERROR;
				CLANG_WARN_DOCUMENTATION_COMMENTS = YES;
				CLANG_WARN_EMPTY_BODY = YES;
				CLANG_WARN_ENUM_CONVERSION = YES;
				CLANG_WARN_INFINITE_RECURSION = YES;
				CLANG_WARN_INT_CONVERSION = YES;
				CLANG_WARN_NON_LITERAL_NULL_CONVERSION = YES;
				CLANG_WARN_OBJC_IMPLICIT_RETAIN_SELF = YES;
				CLANG_WARN_OBJC_LITERAL_CONVERSION = YES;
				CLANG_WARN_OBJC_ROOT_CLASS = YES_ERROR;
				CLANG_WARN_RANGE_LOOP_ANALYSIS = YES;
				CLANG_WARN_STRICT_PROTOTYPES = YES;
				CLANG_WARN_SUSPICIOUS_MOVE = YES;
				CLANG_WARN_UNGUARDED_AVAILABILITY = YES_AGGRESSIVE;
				CLANG_WARN_UNREACHABLE_CODE = YES;
				CLANG_WARN__DUPLICATE_METHOD_MATCH = YES;
				CODE_SIGN_IDENTITY = "iPhone Developer";
				COPY_PHASE_STRIP = NO;
				DEBUG_INFORMATION_FORMAT = dwarf;
				ENABLE_STRICT_OBJC_MSGSEND = YES;
				ENABLE_TESTABILITY = YES;
				GCC_C_LANGUAGE_STANDARD = gnu11;
				GCC_DYNAMIC_NO_PIC = NO;
				GCC_NO_COMMON_BLOCKS = YES;
				GCC_OPTIMIZATION_LEVEL = 0;
				GCC_PREPROCESSOR_DEFINITIONS = (
					"DEBUG=1",
					"$(inherited)",
				);
				GCC_WARN_64_TO_32_BIT_CONVERSION = YES;
				GCC_WARN_ABOUT_RETURN_TYPE = YES_ERROR;
				GCC_WARN_UNDECLARED_SELECTOR = YES;
				GCC_WARN_UNINITIALIZED_AUTOS = YES_AGGRESSIVE;
				GCC_WARN_UNUSED_FUNCTION = YES;
				GCC_WARN_UNUSED_VARIABLE = YES;
				IPHONEOS_DEPLOYMENT_TARGET = 11.3;
				MTL_ENABLE_DEBUG_INFO = YES;
				ONLY_ACTIVE_ARCH = YES;
				SDKROOT = iphoneos;
				SWIFT_ACTIVE_COMPILATION_CONDITIONS = DEBUG;
				SWIFT_OPTIMIZATION_LEVEL = "-Onone";
			};
			name = Debug;
		};
		B84CACA22049DA2D00F7CDC3 /* Release */ = {
			isa = XCBuildConfiguration;
			buildSettings = {
				ALWAYS_SEARCH_USER_PATHS = NO;
				CLANG_ANALYZER_NONNULL = YES;
				CLANG_ANALYZER_NUMBER_OBJECT_CONVERSION = YES_AGGRESSIVE;
				CLANG_CXX_LANGUAGE_STANDARD = "gnu++14";
				CLANG_CXX_LIBRARY = "libc++";
				CLANG_ENABLE_MODULES = YES;
				CLANG_ENABLE_OBJC_ARC = YES;
				CLANG_ENABLE_OBJC_WEAK = YES;
				CLANG_WARN_BLOCK_CAPTURE_AUTORELEASING = YES;
				CLANG_WARN_BOOL_CONVERSION = YES;
				CLANG_WARN_COMMA = YES;
				CLANG_WARN_CONSTANT_CONVERSION = YES;
				CLANG_WARN_DEPRECATED_OBJC_IMPLEMENTATIONS = YES;
				CLANG_WARN_DIRECT_OBJC_ISA_USAGE = YES_ERROR;
				CLANG_WARN_DOCUMENTATION_COMMENTS = YES;
				CLANG_WARN_EMPTY_BODY = YES;
				CLANG_WARN_ENUM_CONVERSION = YES;
				CLANG_WARN_INFINITE_RECURSION = YES;
				CLANG_WARN_INT_CONVERSION = YES;
				CLANG_WARN_NON_LITERAL_NULL_CONVERSION = YES;
				CLANG_WARN_OBJC_IMPLICIT_RETAIN_SELF = YES;
				CLANG_WARN_OBJC_LITERAL_CONVERSION = YES;
				CLANG_WARN_OBJC_ROOT_CLASS = YES_ERROR;
				CLANG_WARN_RANGE_LOOP_ANALYSIS = YES;
				CLANG_WARN_STRICT_PROTOTYPES = YES;
				CLANG_WARN_SUSPICIOUS_MOVE = YES;
				CLANG_WARN_UNGUARDED_AVAILABILITY = YES_AGGRESSIVE;
				CLANG_WARN_UNREACHABLE_CODE = YES;
				CLANG_WARN__DUPLICATE_METHOD_MATCH = YES;
				CODE_SIGN_IDENTITY = "iPhone Developer";
				COPY_PHASE_STRIP = NO;
				DEBUG_INFORMATION_FORMAT = "dwarf-with-dsym";
				ENABLE_NS_ASSERTIONS = NO;
				ENABLE_STRICT_OBJC_MSGSEND = YES;
				GCC_C_LANGUAGE_STANDARD = gnu11;
				GCC_NO_COMMON_BLOCKS = YES;
				GCC_WARN_64_TO_32_BIT_CONVERSION = YES;
				GCC_WARN_ABOUT_RETURN_TYPE = YES_ERROR;
				GCC_WARN_UNDECLARED_SELECTOR = YES;
				GCC_WARN_UNINITIALIZED_AUTOS = YES_AGGRESSIVE;
				GCC_WARN_UNUSED_FUNCTION = YES;
				GCC_WARN_UNUSED_VARIABLE = YES;
				IPHONEOS_DEPLOYMENT_TARGET = 11.3;
				MTL_ENABLE_DEBUG_INFO = NO;
				SDKROOT = iphoneos;
				SWIFT_COMPILATION_MODE = wholemodule;
				SWIFT_OPTIMIZATION_LEVEL = "-O";
				VALIDATE_PRODUCT = YES;
			};
			name = Release;
		};
		B84CACA42049DA2D00F7CDC3 /* Debug */ = {
			isa = XCBuildConfiguration;
			buildSettings = {
				ASSETCATALOG_COMPILER_APPICON_NAME = AppIcon;
				CODE_SIGN_STYLE = Automatic;
				DEVELOPMENT_TEAM = 25E73F4PN4;
				INFOPLIST_FILE = ARKitScratch/Info.plist;
				LD_RUNPATH_SEARCH_PATHS = (
					"$(inherited)",
					"@executable_path/Frameworks",
				);
				PRODUCT_BUNDLE_IDENTIFIER = com.akashbakshi.ARKitScratch;
				PRODUCT_NAME = "$(TARGET_NAME)";
				SWIFT_VERSION = 4.0;
				TARGETED_DEVICE_FAMILY = "1,2";
			};
			name = Debug;
		};
		B84CACA52049DA2D00F7CDC3 /* Release */ = {
			isa = XCBuildConfiguration;
			buildSettings = {
				ASSETCATALOG_COMPILER_APPICON_NAME = AppIcon;
				CODE_SIGN_STYLE = Automatic;
				DEVELOPMENT_TEAM = 25E73F4PN4;
				INFOPLIST_FILE = ARKitScratch/Info.plist;
				LD_RUNPATH_SEARCH_PATHS = (
					"$(inherited)",
					"@executable_path/Frameworks",
				);
				PRODUCT_BUNDLE_IDENTIFIER = com.akashbakshi.ARKitScratch;
				PRODUCT_NAME = "$(TARGET_NAME)";
				SWIFT_VERSION = 4.0;
				TARGETED_DEVICE_FAMILY = "1,2";
			};
			name = Release;
		};
		B84CACA72049DA2D00F7CDC3 /* Debug */ = {
			isa = XCBuildConfiguration;
			buildSettings = {
				ALWAYS_EMBED_SWIFT_STANDARD_LIBRARIES = YES;
				BUNDLE_LOADER = "$(TEST_HOST)";
				CODE_SIGN_STYLE = Automatic;
				DEVELOPMENT_TEAM = 25E73F4PN4;
				INFOPLIST_FILE = ARKitScratchTests/Info.plist;
				LD_RUNPATH_SEARCH_PATHS = (
					"$(inherited)",
					"@executable_path/Frameworks",
					"@loader_path/Frameworks",
				);
				PRODUCT_BUNDLE_IDENTIFIER = com.akashbakshi.ARKitScratchTests;
				PRODUCT_NAME = "$(TARGET_NAME)";
				SWIFT_VERSION = 4.0;
				TARGETED_DEVICE_FAMILY = "1,2";
				TEST_HOST = "$(BUILT_PRODUCTS_DIR)/ARKitScratch.app/ARKitScratch";
			};
			name = Debug;
		};
		B84CACA82049DA2D00F7CDC3 /* Release */ = {
			isa = XCBuildConfiguration;
			buildSettings = {
				ALWAYS_EMBED_SWIFT_STANDARD_LIBRARIES = YES;
				BUNDLE_LOADER = "$(TEST_HOST)";
				CODE_SIGN_STYLE = Automatic;
				DEVELOPMENT_TEAM = 25E73F4PN4;
				INFOPLIST_FILE = ARKitScratchTests/Info.plist;
				LD_RUNPATH_SEARCH_PATHS = (
					"$(inherited)",
					"@executable_path/Frameworks",
					"@loader_path/Frameworks",
				);
				PRODUCT_BUNDLE_IDENTIFIER = com.akashbakshi.ARKitScratchTests;
				PRODUCT_NAME = "$(TARGET_NAME)";
				SWIFT_VERSION = 4.0;
				TARGETED_DEVICE_FAMILY = "1,2";
				TEST_HOST = "$(BUILT_PRODUCTS_DIR)/ARKitScratch.app/ARKitScratch";
			};
			name = Release;
		};
		B84CACAA2049DA2D00F7CDC3 /* Debug */ = {
			isa = XCBuildConfiguration;
			buildSettings = {
				ALWAYS_EMBED_SWIFT_STANDARD_LIBRARIES = YES;
				CODE_SIGN_STYLE = Automatic;
				DEVELOPMENT_TEAM = 25E73F4PN4;
				INFOPLIST_FILE = ARKitScratchUITests/Info.plist;
				LD_RUNPATH_SEARCH_PATHS = (
					"$(inherited)",
					"@executable_path/Frameworks",
					"@loader_path/Frameworks",
				);
				PRODUCT_BUNDLE_IDENTIFIER = com.akashbakshi.ARKitScratchUITests;
				PRODUCT_NAME = "$(TARGET_NAME)";
				SWIFT_VERSION = 4.0;
				TARGETED_DEVICE_FAMILY = "1,2";
				TEST_TARGET_NAME = ARKitScratch;
			};
			name = Debug;
		};
		B84CACAB2049DA2D00F7CDC3 /* Release */ = {
			isa = XCBuildConfiguration;
			buildSettings = {
				ALWAYS_EMBED_SWIFT_STANDARD_LIBRARIES = YES;
				CODE_SIGN_STYLE = Automatic;
				DEVELOPMENT_TEAM = 25E73F4PN4;
				INFOPLIST_FILE = ARKitScratchUITests/Info.plist;
				LD_RUNPATH_SEARCH_PATHS = (
					"$(inherited)",
					"@executable_path/Frameworks",
					"@loader_path/Frameworks",
				);
				PRODUCT_BUNDLE_IDENTIFIER = com.akashbakshi.ARKitScratchUITests;
				PRODUCT_NAME = "$(TARGET_NAME)";
				SWIFT_VERSION = 4.0;
				TARGETED_DEVICE_FAMILY = "1,2";
				TEST_TARGET_NAME = ARKitScratch;
			};
			name = Release;
		};
/* End XCBuildConfiguration section */

/* Begin XCConfigurationList section */
		B84CAC762049DA2D00F7CDC3 /* Build configuration list for PBXProject "ARKitScratch" */ = {
			isa = XCConfigurationList;
			buildConfigurations = (
				B84CACA12049DA2D00F7CDC3 /* Debug */,
				B84CACA22049DA2D00F7CDC3 /* Release */,
			);
			defaultConfigurationIsVisible = 0;
			defaultConfigurationName = Release;
		};
		B84CACA32049DA2D00F7CDC3 /* Build configuration list for PBXNativeTarget "ARKitScratch" */ = {
			isa = XCConfigurationList;
			buildConfigurations = (
				B84CACA42049DA2D00F7CDC3 /* Debug */,
				B84CACA52049DA2D00F7CDC3 /* Release */,
			);
			defaultConfigurationIsVisible = 0;
			defaultConfigurationName = Release;
		};
		B84CACA62049DA2D00F7CDC3 /* Build configuration list for PBXNativeTarget "ARKitScratchTests" */ = {
			isa = XCConfigurationList;
			buildConfigurations = (
				B84CACA72049DA2D00F7CDC3 /* Debug */,
				B84CACA82049DA2D00F7CDC3 /* Release */,
			);
			defaultConfigurationIsVisible = 0;
			defaultConfigurationName = Release;
		};
		B84CACA92049DA2D00F7CDC3 /* Build configuration list for PBXNativeTarget "ARKitScratchUITests" */ = {
			isa = XCConfigurationList;
			buildConfigurations = (
				B84CACAA2049DA2D00F7CDC3 /* Debug */,
				B84CACAB2049DA2D00F7CDC3 /* Release */,
			);
			defaultConfigurationIsVisible = 0;
			defaultConfigurationName = Release;
		};
/* End XCConfigurationList section */
	};
	rootObject = B84CAC732049DA2D00F7CDC3 /* Project object */;
}
